
Microsoft Visual Studio Solution File, Format Version 12.00
# Visual Studio 15
VisualStudioVersion = 15.0.28307.852
MinimumVisualStudioVersion = 10.0.40219.1
Project("{888888A0-9F3D-457C-B088-3A5042F75D52}") = "Python", "Python.pyproj", "{50044D3F-F84E-4E24-8C60-22713E6EDF94}"
EndProject
Global
	GlobalSection(SolutionConfigurationPlatforms) = preSolution
		Debug|Any CPU = Debug|Any CPU
		Release|Any CPU = Release|Any CPU
	EndGlobalSection
	GlobalSection(ProjectConfigurationPlatforms) = postSolution
		{50044D3F-F84E-4E24-8C60-22713E6EDF94}.Debug|Any CPU.ActiveCfg = Debug|Any CPU
		{50044D3F-F84E-4E24-8C60-22713E6EDF94}.Release|Any CPU.ActiveCfg = Release|Any CPU
	EndGlobalSection
	GlobalSection(SolutionProperties) = preSolution
		HideSolutionNode = FALSE
	EndGlobalSection
	GlobalSection(ExtensibilityGlobals) = postSolution
		SolutionGuid = {BB1D23AE-102C-49FE-9AB0-1B6D9796AF0D}
	EndGlobalSection
EndGlobal
